
Microsoft Visual Studio Solution File, Format Version 12.00
# Visual Studio Version 16
VisualStudioVersion = 16.0.29215.179
MinimumVisualStudioVersion = 10.0.40219.1
Project("{FAE04EC0-301F-11D3-BF4B-00C04F79EFBC}") = "DifficultySettings", "DifficultySettings\DifficultySettings.csproj", "{C7826323-47D3-4536-A111-5F65AAF6A944}"
EndProject
Global
	GlobalSection(SolutionConfigurationPlatforms) = preSolution
		Debug|Any CPU = Debug|Any CPU
		Release|Any CPU = Release|Any CPU
	EndGlobalSection
	GlobalSection(ProjectConfigurationPlatforms) = postSolution
		{C7826323-47D3-4536-A111-5F65AAF6A944}.Debug|Any CPU.ActiveCfg = Debug|Any CPU
		{C7826323-47D3-4536-A111-5F65AAF6A944}.Debug|Any CPU.Build.0 = Debug|Any CPU
		{C7826323-47D3-4536-A111-5F65AAF6A944}.Release|Any CPU.ActiveCfg = Release|Any CPU
		{C7826323-47D3-4536-A111-5F65AAF6A944}.Release|Any CPU.Build.0 = Release|Any CPU
	EndGlobalSection
	GlobalSection(SolutionProperties) = preSolution
		HideSolutionNode = FALSE
	EndGlobalSection
	GlobalSection(ExtensibilityGlobals) = postSolution
		SolutionGuid = {AD13ED7B-88EF-4510-9ABD-87AB2524F5B3}
	EndGlobalSection
EndGlobal
